
Microsoft Visual Studio Solution File, Format Version 12.00
# Visual Studio Version 17
VisualStudioVersion = 17.10.35013.160
MinimumVisualStudioVersion = 10.0.40219.1
Project("{FAE04EC0-301F-11D3-BF4B-00C04F79EFBC}") = "Client_SAE_5", "Client_SAE_5\Client_SAE_5.csproj", "{919EB06C-0F58-4B70-8EFE-8769C1C94F51}"
EndProject
Global
	GlobalSection(SolutionConfigurationPlatforms) = preSolution
		Debug|Any CPU = Debug|Any CPU
		Release|Any CPU = Release|Any CPU
	EndGlobalSection
	GlobalSection(ProjectConfigurationPlatforms) = postSolution
		{919EB06C-0F58-4B70-8EFE-8769C1C94F51}.Debug|Any CPU.ActiveCfg = Debug|Any CPU
		{919EB06C-0F58-4B70-8EFE-8769C1C94F51}.Debug|Any CPU.Build.0 = Debug|Any CPU
		{919EB06C-0F58-4B70-8EFE-8769C1C94F51}.Release|Any CPU.ActiveCfg = Release|Any CPU
		{919EB06C-0F58-4B70-8EFE-8769C1C94F51}.Release|Any CPU.Build.0 = Release|Any CPU
	EndGlobalSection
	GlobalSection(SolutionProperties) = preSolution
		HideSolutionNode = FALSE
	EndGlobalSection
	GlobalSection(ExtensibilityGlobals) = postSolution
		SolutionGuid = {DA1AE71B-CAAB-47BD-84C6-56F9C532054E}
	EndGlobalSection
EndGlobal
